
Microsoft Visual Studio Solution File, Format Version 12.00
# Visual Studio Version 16
VisualStudioVersion = 16.0.31829.152
MinimumVisualStudioVersion = 10.0.40219.1
Project("{9A19103F-16F7-4668-BE54-9A1E7A4F7556}") = "ApiFinance.Web", "ApiFinance.Web\ApiFinance.Web.csproj", "{0517E2D4-0D36-458A-A4F1-9D4E7E630922}"
EndProject
Project("{FAE04EC0-301F-11D3-BF4B-00C04F79EFBC}") = "ApiFinance.Data", "ApiFinance.Data\ApiFinance.Data.csproj", "{FF11A79B-4EC1-4524-A103-C4EBA36F4816}"
EndProject
Project("{FAE04EC0-301F-11D3-BF4B-00C04F79EFBC}") = "ApiFinance.Domain", "ApiFinance.Domain\ApiFinance.Domain.csproj", "{062296C3-F4A9-42CF-9DC7-9F7FAAAD1BC3}"
EndProject
Project("{FAE04EC0-301F-11D3-BF4B-00C04F79EFBC}") = "ApiFinance.Infra", "ApiFinance.Infra\ApiFinance.Infra.csproj", "{583F918B-4256-462E-9EB8-7F66E1B95F9F}"
EndProject
Project("{FAE04EC0-301F-11D3-BF4B-00C04F79EFBC}") = "ApiFinance.App", "ApiFinance.App\ApiFinance.App.csproj", "{9C1D503E-482C-41AA-A819-C2051E02847C}"
EndProject
Global
	GlobalSection(SolutionConfigurationPlatforms) = preSolution
		Debug|Any CPU = Debug|Any CPU
		Release|Any CPU = Release|Any CPU
	EndGlobalSection
	GlobalSection(ProjectConfigurationPlatforms) = postSolution
		{0517E2D4-0D36-458A-A4F1-9D4E7E630922}.Debug|Any CPU.ActiveCfg = Debug|Any CPU
		{0517E2D4-0D36-458A-A4F1-9D4E7E630922}.Debug|Any CPU.Build.0 = Debug|Any CPU
		{0517E2D4-0D36-458A-A4F1-9D4E7E630922}.Release|Any CPU.ActiveCfg = Release|Any CPU
		{0517E2D4-0D36-458A-A4F1-9D4E7E630922}.Release|Any CPU.Build.0 = Release|Any CPU
		{FF11A79B-4EC1-4524-A103-C4EBA36F4816}.Debug|Any CPU.ActiveCfg = Debug|Any CPU
		{FF11A79B-4EC1-4524-A103-C4EBA36F4816}.Debug|Any CPU.Build.0 = Debug|Any CPU
		{FF11A79B-4EC1-4524-A103-C4EBA36F4816}.Release|Any CPU.ActiveCfg = Release|Any CPU
		{FF11A79B-4EC1-4524-A103-C4EBA36F4816}.Release|Any CPU.Build.0 = Release|Any CPU
		{062296C3-F4A9-42CF-9DC7-9F7FAAAD1BC3}.Debug|Any CPU.ActiveCfg = Debug|Any CPU
		{062296C3-F4A9-42CF-9DC7-9F7FAAAD1BC3}.Debug|Any CPU.Build.0 = Debug|Any CPU
		{062296C3-F4A9-42CF-9DC7-9F7FAAAD1BC3}.Release|Any CPU.ActiveCfg = Release|Any CPU
		{062296C3-F4A9-42CF-9DC7-9F7FAAAD1BC3}.Release|Any CPU.Build.0 = Release|Any CPU
		{583F918B-4256-462E-9EB8-7F66E1B95F9F}.Debug|Any CPU.ActiveCfg = Debug|Any CPU
		{583F918B-4256-462E-9EB8-7F66E1B95F9F}.Debug|Any CPU.Build.0 = Debug|Any CPU
		{583F918B-4256-462E-9EB8-7F66E1B95F9F}.Release|Any CPU.ActiveCfg = Release|Any CPU
		{583F918B-4256-462E-9EB8-7F66E1B95F9F}.Release|Any CPU.Build.0 = Release|Any CPU
		{9C1D503E-482C-41AA-A819-C2051E02847C}.Debug|Any CPU.ActiveCfg = Debug|Any CPU
		{9C1D503E-482C-41AA-A819-C2051E02847C}.Debug|Any CPU.Build.0 = Debug|Any CPU
		{9C1D503E-482C-41AA-A819-C2051E02847C}.Release|Any CPU.ActiveCfg = Release|Any CPU
		{9C1D503E-482C-41AA-A819-C2051E02847C}.Release|Any CPU.Build.0 = Release|Any CPU
	EndGlobalSection
	GlobalSection(SolutionProperties) = preSolution
		HideSolutionNode = FALSE
	EndGlobalSection
	GlobalSection(ExtensibilityGlobals) = postSolution
		SolutionGuid = {856B2EBD-7F8E-485C-8C52-509ED4BD0195}
	EndGlobalSection
EndGlobal
